
Microsoft Visual Studio Solution File, Format Version 12.00
# Visual Studio Version 17
VisualStudioVersion = 17.0.31903.59
MinimumVisualStudioVersion = 10.0.40219.1
Project("{2150E333-8FDC-42A3-9474-1A3956D46DE8}") = "src", "src", "{BE168CFE-97DD-4661-B84C-2259200DB187}"
EndProject
Project("{2150E333-8FDC-42A3-9474-1A3956D46DE8}") = "test", "test", "{880A3AFB-08AD-4A19-BDA0-0BE877096E8C}"
EndProject
Project("{FAE04EC0-301F-11D3-BF4B-00C04F79EFBC}") = "Chirp.Tests", "test\Chirp.Tests\Chirp.Tests.csproj", "{2375A5EC-51CB-44FD-8B9D-2C2435E5352C}"
EndProject
Project("{FAE04EC0-301F-11D3-BF4B-00C04F79EFBC}") = "Chirp.Web", "src\Chirp.Web\Chirp.Web.csproj", "{6A0D5802-8C3B-488A-A73A-7D6BEB951C95}"
EndProject
Project("{FAE04EC0-301F-11D3-BF4B-00C04F79EFBC}") = "Chirp.Core", "src\Chirp.Core\Chirp.Core.csproj", "{7A1273EE-6748-457A-8EEA-2AA9791F8620}"
EndProject
Project("{FAE04EC0-301F-11D3-BF4B-00C04F79EFBC}") = "Chirp.Infrastructure", "src\Chirp.Infrastructure\Chirp.Infrastructure.csproj", "{60BBE4C8-EC37-499A-8B6C-833CBBE1626A}"
EndProject
Global
	GlobalSection(SolutionConfigurationPlatforms) = preSolution
		Debug|Any CPU = Debug|Any CPU
		Release|Any CPU = Release|Any CPU
	EndGlobalSection
	GlobalSection(SolutionProperties) = preSolution
		HideSolutionNode = FALSE
	EndGlobalSection
	GlobalSection(ProjectConfigurationPlatforms) = postSolution
		{2375A5EC-51CB-44FD-8B9D-2C2435E5352C}.Debug|Any CPU.ActiveCfg = Debug|Any CPU
		{2375A5EC-51CB-44FD-8B9D-2C2435E5352C}.Debug|Any CPU.Build.0 = Debug|Any CPU
		{2375A5EC-51CB-44FD-8B9D-2C2435E5352C}.Release|Any CPU.ActiveCfg = Release|Any CPU
		{2375A5EC-51CB-44FD-8B9D-2C2435E5352C}.Release|Any CPU.Build.0 = Release|Any CPU
		{6A0D5802-8C3B-488A-A73A-7D6BEB951C95}.Debug|Any CPU.ActiveCfg = Debug|Any CPU
		{6A0D5802-8C3B-488A-A73A-7D6BEB951C95}.Debug|Any CPU.Build.0 = Debug|Any CPU
		{6A0D5802-8C3B-488A-A73A-7D6BEB951C95}.Release|Any CPU.ActiveCfg = Release|Any CPU
		{6A0D5802-8C3B-488A-A73A-7D6BEB951C95}.Release|Any CPU.Build.0 = Release|Any CPU
		{7A1273EE-6748-457A-8EEA-2AA9791F8620}.Debug|Any CPU.ActiveCfg = Debug|Any CPU
		{7A1273EE-6748-457A-8EEA-2AA9791F8620}.Debug|Any CPU.Build.0 = Debug|Any CPU
		{7A1273EE-6748-457A-8EEA-2AA9791F8620}.Release|Any CPU.ActiveCfg = Release|Any CPU
		{7A1273EE-6748-457A-8EEA-2AA9791F8620}.Release|Any CPU.Build.0 = Release|Any CPU
		{60BBE4C8-EC37-499A-8B6C-833CBBE1626A}.Debug|Any CPU.ActiveCfg = Debug|Any CPU
		{60BBE4C8-EC37-499A-8B6C-833CBBE1626A}.Debug|Any CPU.Build.0 = Debug|Any CPU
		{60BBE4C8-EC37-499A-8B6C-833CBBE1626A}.Release|Any CPU.ActiveCfg = Release|Any CPU
		{60BBE4C8-EC37-499A-8B6C-833CBBE1626A}.Release|Any CPU.Build.0 = Release|Any CPU
	EndGlobalSection
	GlobalSection(NestedProjects) = preSolution
		{2375A5EC-51CB-44FD-8B9D-2C2435E5352C} = {880A3AFB-08AD-4A19-BDA0-0BE877096E8C}
		{6A0D5802-8C3B-488A-A73A-7D6BEB951C95} = {BE168CFE-97DD-4661-B84C-2259200DB187}
		{7A1273EE-6748-457A-8EEA-2AA9791F8620} = {BE168CFE-97DD-4661-B84C-2259200DB187}
		{60BBE4C8-EC37-499A-8B6C-833CBBE1626A} = {BE168CFE-97DD-4661-B84C-2259200DB187}
	EndGlobalSection
EndGlobal
