
Microsoft Visual Studio Solution File, Format Version 12.00
# Visual Studio Version 17
VisualStudioVersion = 17.0.31903.59
MinimumVisualStudioVersion = 10.0.40219.1
Project("{2150E333-8FDC-42A3-9474-1A3956D46DE8}") = "src", "src", "{BE168CFE-97DD-4661-B84C-2259200DB187}"
EndProject
Project("{FAE04EC0-301F-11D3-BF4B-00C04F79EFBC}") = "Chirp.CLI", "src\Chirp.CLI\Chirp.CLI.csproj", "{04DC7933-20D5-43CE-87BA-66F4D8647F9F}"
EndProject
Project("{FAE04EC0-301F-11D3-BF4B-00C04F79EFBC}") = "SimpleDB", "src\SimpleDB\SimpleDB.csproj", "{F93A7E49-BF9E-4B9C-BB71-817561E6974D}"
EndProject
Project("{2150E333-8FDC-42A3-9474-1A3956D46DE8}") = "test", "test", "{880A3AFB-08AD-4A19-BDA0-0BE877096E8C}"
EndProject
Project("{FAE04EC0-301F-11D3-BF4B-00C04F79EFBC}") = "Chirp.Tests", "test\Chirp.Tests\Chirp.Tests.csproj", "{2375A5EC-51CB-44FD-8B9D-2C2435E5352C}"
EndProject
Project("{FAE04EC0-301F-11D3-BF4B-00C04F79EFBC}") = "Chirp.CSVDBService", "src\Chirp.CSVDBService\Chirp.CSVDBService.csproj", "{AABDA216-2C91-44F0-8388-85B144DFA0D1}"
EndProject
Project("{FAE04EC0-301F-11D3-BF4B-00C04F79EFBC}") = "Chirp.Razor", "src\Chirp.Razor\Chirp.Razor.csproj", "{6A0D5802-8C3B-488A-A73A-7D6BEB951C95}"
EndProject
Project("{FAE04EC0-301F-11D3-BF4B-00C04F79EFBC}") = "Chirp.SQLite", "src\Chirp.SQLite\Chirp.SQLite.csproj", "{027C2845-3BFA-499A-8C52-133290FDBDB3}"
EndProject
Global
	GlobalSection(SolutionConfigurationPlatforms) = preSolution
		Debug|Any CPU = Debug|Any CPU
		Release|Any CPU = Release|Any CPU
	EndGlobalSection
	GlobalSection(SolutionProperties) = preSolution
		HideSolutionNode = FALSE
	EndGlobalSection
	GlobalSection(ProjectConfigurationPlatforms) = postSolution
		{04DC7933-20D5-43CE-87BA-66F4D8647F9F}.Debug|Any CPU.ActiveCfg = Debug|Any CPU
		{04DC7933-20D5-43CE-87BA-66F4D8647F9F}.Debug|Any CPU.Build.0 = Debug|Any CPU
		{04DC7933-20D5-43CE-87BA-66F4D8647F9F}.Release|Any CPU.ActiveCfg = Release|Any CPU
		{04DC7933-20D5-43CE-87BA-66F4D8647F9F}.Release|Any CPU.Build.0 = Release|Any CPU
		{F93A7E49-BF9E-4B9C-BB71-817561E6974D}.Debug|Any CPU.ActiveCfg = Debug|Any CPU
		{F93A7E49-BF9E-4B9C-BB71-817561E6974D}.Debug|Any CPU.Build.0 = Debug|Any CPU
		{F93A7E49-BF9E-4B9C-BB71-817561E6974D}.Release|Any CPU.ActiveCfg = Release|Any CPU
		{F93A7E49-BF9E-4B9C-BB71-817561E6974D}.Release|Any CPU.Build.0 = Release|Any CPU
		{2375A5EC-51CB-44FD-8B9D-2C2435E5352C}.Debug|Any CPU.ActiveCfg = Debug|Any CPU
		{2375A5EC-51CB-44FD-8B9D-2C2435E5352C}.Debug|Any CPU.Build.0 = Debug|Any CPU
		{2375A5EC-51CB-44FD-8B9D-2C2435E5352C}.Release|Any CPU.ActiveCfg = Release|Any CPU
		{2375A5EC-51CB-44FD-8B9D-2C2435E5352C}.Release|Any CPU.Build.0 = Release|Any CPU
		{AABDA216-2C91-44F0-8388-85B144DFA0D1}.Debug|Any CPU.ActiveCfg = Debug|Any CPU
		{AABDA216-2C91-44F0-8388-85B144DFA0D1}.Debug|Any CPU.Build.0 = Debug|Any CPU
		{AABDA216-2C91-44F0-8388-85B144DFA0D1}.Release|Any CPU.ActiveCfg = Release|Any CPU
		{AABDA216-2C91-44F0-8388-85B144DFA0D1}.Release|Any CPU.Build.0 = Release|Any CPU
		{6A0D5802-8C3B-488A-A73A-7D6BEB951C95}.Debug|Any CPU.ActiveCfg = Debug|Any CPU
		{6A0D5802-8C3B-488A-A73A-7D6BEB951C95}.Debug|Any CPU.Build.0 = Debug|Any CPU
		{6A0D5802-8C3B-488A-A73A-7D6BEB951C95}.Release|Any CPU.ActiveCfg = Release|Any CPU
		{6A0D5802-8C3B-488A-A73A-7D6BEB951C95}.Release|Any CPU.Build.0 = Release|Any CPU
		{027C2845-3BFA-499A-8C52-133290FDBDB3}.Debug|Any CPU.ActiveCfg = Debug|Any CPU
		{027C2845-3BFA-499A-8C52-133290FDBDB3}.Debug|Any CPU.Build.0 = Debug|Any CPU
		{027C2845-3BFA-499A-8C52-133290FDBDB3}.Release|Any CPU.ActiveCfg = Release|Any CPU
		{027C2845-3BFA-499A-8C52-133290FDBDB3}.Release|Any CPU.Build.0 = Release|Any CPU
	EndGlobalSection
	GlobalSection(NestedProjects) = preSolution
		{04DC7933-20D5-43CE-87BA-66F4D8647F9F} = {BE168CFE-97DD-4661-B84C-2259200DB187}
		{F93A7E49-BF9E-4B9C-BB71-817561E6974D} = {BE168CFE-97DD-4661-B84C-2259200DB187}
		{2375A5EC-51CB-44FD-8B9D-2C2435E5352C} = {880A3AFB-08AD-4A19-BDA0-0BE877096E8C}
		{AABDA216-2C91-44F0-8388-85B144DFA0D1} = {BE168CFE-97DD-4661-B84C-2259200DB187}
		{027C2845-3BFA-499A-8C52-133290FDBDB3} = {BE168CFE-97DD-4661-B84C-2259200DB187}
		{6A0D5802-8C3B-488A-A73A-7D6BEB951C95} = {BE168CFE-97DD-4661-B84C-2259200DB187}
	EndGlobalSection
EndGlobal
